{
  "name": "@phcode/fs-int",
  "version": "2.0.0",
  "lockfileVersion": 3,
  "requires": true,
  "packages": {
    "": {
      "name": "@phcode/fs-int",
      "version": "2.0.0",
      "license": "GNU-AGPL3.0",
      "dependencies": {
        "ws": "^8.13.0"
      }
    },
    "node_modules/ws": {
      "version": "8.14.0",
      "resolved": "https://registry.npmjs.org/ws/-/ws-8.14.0.tgz",
      "integrity": "sha512-WR0RJE9Ehsio6U4TuM+LmunEsjQ5ncHlw4sn9ihD6RoJKZrVyH9FWV3dmnwu8B2aNib1OvG2X6adUCyFpQyWcg==",
      "engines": {
        "node": ">=10.0.0"
      },
      "peerDependencies": {
        "bufferutil": "^4.0.1",
        "utf-8-validate": ">=5.0.2"
      },
      "peerDependenciesMeta": {
        "bufferutil": {
          "optional": true
        },
        "utf-8-validate": {
          "optional": true
        }
      }
    }
  }
}
